
Microsoft Visual Studio Solution File, Format Version 12.00
# Visual Studio Version 17
VisualStudioVersion = 17.2.32526.322
MinimumVisualStudioVersion = 10.0.40219.1
Project("{2150E333-8FDC-42A3-9474-1A3956D46DE8}") = "docs", "docs", "{8FD45DB7-ECFD-47F1-80A0-71067860FB77}"
EndProject
Project("{2150E333-8FDC-42A3-9474-1A3956D46DE8}") = "src", "src", "{37446A3C-FB67-4614-9F42-EE29F733314E}"
EndProject
Project("{2150E333-8FDC-42A3-9474-1A3956D46DE8}") = "tests", "tests", "{FB8CD0CC-901B-4B7E-8C5F-69C1F202C6C3}"
EndProject
Project("{2150E333-8FDC-42A3-9474-1A3956D46DE8}") = "0.Utilities", "0.Utilities", "{32A25896-3563-4389-B32A-E034B77DE8F9}"
EndProject
Project("{2150E333-8FDC-42A3-9474-1A3956D46DE8}") = "1.Core", "1.Core", "{FCF8F321-E1F5-4820-88A3-EB4367D092D6}"
EndProject
Project("{2150E333-8FDC-42A3-9474-1A3956D46DE8}") = "2.Infrastructures", "2.Infrastructures", "{DBE8F8A5-5849-4990-A29F-45E214DC4EF2}"
EndProject
Project("{2150E333-8FDC-42A3-9474-1A3956D46DE8}") = "3.Endpoints", "3.Endpoints", "{B574D69B-1BA0-4A73-AE17-E3AE15E0694A}"
EndProject
Project("{9A19103F-16F7-4668-BE54-9A1E7A4F7556}") = "Scorpion.Core.Domain", "src\1.Core\Scorpion.Core.Domain\Scorpion.Core.Domain.csproj", "{D52859FE-8D86-425C-86BB-DE5106EB038D}"
EndProject
Project("{9A19103F-16F7-4668-BE54-9A1E7A4F7556}") = "Scorpion.Core.ApplicationServices", "src\1.Core\Scorpion.Core.ApplicationServices\Scorpion.Core.ApplicationServices.csproj", "{29B873A3-F683-48E1-A184-98CCD7AC93B8}"
EndProject
Project("{9A19103F-16F7-4668-BE54-9A1E7A4F7556}") = "Scorpion.Core.Contracts", "src\1.Core\Scorpion.Core.Contracts\Scorpion.Core.Contracts.csproj", "{A7627689-23A0-438A-A6EE-995B2EFBF2D6}"
EndProject
Project("{9A19103F-16F7-4668-BE54-9A1E7A4F7556}") = "Scorpion.Utilities", "src\0.Utilities\Scorpion.Utilities\Scorpion.Utilities.csproj", "{EFCD9DB6-2BAA-4997-82D0-E471C5E026DC}"
EndProject
Project("{2150E333-8FDC-42A3-9474-1A3956D46DE8}") = "Data", "Data", "{15063773-9B42-4738-B30F-21B3EA3665C8}"
EndProject
Project("{9A19103F-16F7-4668-BE54-9A1E7A4F7556}") = "Scorpion.Infrastructures.Data.SqlServer.Commands", "src\2.Infrastructures\Data\Scorpion.Infrastructures.Data.SqlServer.Commands\Scorpion.Infrastructures.Data.SqlServer.Commands.csproj", "{204E4F2F-D962-40D1-AFCD-D31FF73B0161}"
EndProject
Project("{9A19103F-16F7-4668-BE54-9A1E7A4F7556}") = "Scorpion.Infrastructures.Data.SqlServer.Queries", "src\2.Infrastructures\Data\Scorpion.Infrastructures.Data.SqlServer.Queries\Scorpion.Infrastructures.Data.SqlServer.Queries.csproj", "{F3DD31CE-FF3F-438E-AF00-3B3448952BE8}"
EndProject
Project("{9A19103F-16F7-4668-BE54-9A1E7A4F7556}") = "Scorpion.Infrastructures.Data.SqlServer", "src\2.Infrastructures\Data\Scorpion.Infrastructures.Data.SqlServer\Scorpion.Infrastructures.Data.SqlServer.csproj", "{ACE814FA-4916-45CC-BD39-F4D0E0ACCAFC}"
EndProject
Project("{2150E333-8FDC-42A3-9474-1A3956D46DE8}") = "samples", "samples", "{A8E41837-CAD6-4E5D-B3D8-B60D146037B8}"
EndProject
Project("{2150E333-8FDC-42A3-9474-1A3956D46DE8}") = "1.Core", "1.Core", "{29C0B61A-29D0-436E-B574-43EAF211C7BC}"
EndProject
Project("{2150E333-8FDC-42A3-9474-1A3956D46DE8}") = "2.Infrastructures", "2.Infrastructures", "{F52DBCA5-2731-4D0A-904C-7420B686D4C7}"
EndProject
Project("{2150E333-8FDC-42A3-9474-1A3956D46DE8}") = "3.Endpoints", "3.Endpoints", "{FB1A3224-8EEB-455C-92F7-7D841B4E2CBF}"
EndProject
Project("{9A19103F-16F7-4668-BE54-9A1E7A4F7556}") = "Scorpion.Samples.Core.Domain", "samples\1.Core\Scorpion.Samples.Core.Domain\Scorpion.Samples.Core.Domain.csproj", "{7E7EBA94-4F9D-422F-859A-802BF46A81A2}"
EndProject
Project("{9A19103F-16F7-4668-BE54-9A1E7A4F7556}") = "Scorpion.Samples.Core.ApplicationServices", "samples\1.Core\Scorpion.Samples.Core.ApplicationServices\Scorpion.Samples.Core.ApplicationServices.csproj", "{0D4B37F2-E82F-4721-A23B-04EB74CDCC77}"
EndProject
Project("{9A19103F-16F7-4668-BE54-9A1E7A4F7556}") = "Scorpion.Samples.Core.Contracts", "samples\1.Core\Scorpion.Samples.Core.Contracts\Scorpion.Samples.Core.Contracts.csproj", "{F926FD81-E4DE-4422-9BA8-D748F7EA2428}"
EndProject
Project("{9A19103F-16F7-4668-BE54-9A1E7A4F7556}") = "Scoprion.Core.Domain.Toolkits", "src\1.Core\Scoprion.Core.Domain.Toolkits\Scoprion.Core.Domain.Toolkits.csproj", "{A4113ECD-978F-4B25-839F-B99DFA7745AA}"
EndProject
Project("{2150E333-8FDC-42A3-9474-1A3956D46DE8}") = "Data", "Data", "{948BC2B8-C055-4C21-9E40-21231C3EBE6A}"
EndProject
Project("{9A19103F-16F7-4668-BE54-9A1E7A4F7556}") = "Scorpion.Samples.Infrastructures.Data.Sql.Commands", "samples\2.Infrastructures\Data\Scorpion.Samples.Infrastructures.Data.Sql.Commands\Scorpion.Samples.Infrastructures.Data.Sql.Commands.csproj", "{29EB7072-C6AE-4EA5-A117-E419352CE690}"
EndProject
Project("{9A19103F-16F7-4668-BE54-9A1E7A4F7556}") = "Scorpion.Samples.Infrastructures.Data.Sql.Queries", "samples\2.Infrastructures\Data\Scorpion.Samples.Infrastructures.Data.Sql.Queries\Scorpion.Samples.Infrastructures.Data.Sql.Queries.csproj", "{85D7E9C9-F34F-4EAE-9C92-6447D3A60666}"
EndProject
Project("{9A19103F-16F7-4668-BE54-9A1E7A4F7556}") = "Scorpion.Samples.Endpoints.WebAPI", "samples\3.Endpoints\Scorpion.Samples.Endpoints.WebAPI\Scorpion.Samples.Endpoints.WebAPI.csproj", "{97AD3202-AE80-454E-98C0-D37E3A7F310D}"
EndProject
Project("{2150E333-8FDC-42A3-9474-1A3956D46DE8}") = "Extensions", "Extensions", "{0F1B7F1F-818D-49CE-B15D-63EA52661AEB}"
EndProject
Project("{FAE04EC0-301F-11D3-BF4B-00C04F79EFBC}") = "Scorpion.Extensions.Caching.Abstractions", "Extentsions\Abstractions\Scorpion.Extensions.Caching.Abstractions\Scorpion.Extensions.Caching.Abstractions.csproj", "{6CC77193-384F-4A40-BDD1-CBFCACF58F25}"
EndProject
Project("{FAE04EC0-301F-11D3-BF4B-00C04F79EFBC}") = "Scorpion.Extensions.DependentyInjection.Abstractions", "Extentsions\Abstractions\Scorpion.Extensions.DependentyInjection.Abstractions\Scorpion.Extensions.DependentyInjection.Abstractions.csproj", "{9508881E-894D-4C62-880A-B98258E5DC10}"
EndProject
Project("{FAE04EC0-301F-11D3-BF4B-00C04F79EFBC}") = "Scorpion.Extensions.Logger.Abstractions", "Extentsions\Abstractions\Scorpion.Extensions.Logger.Abstractions\Scorpion.Extensions.Logger.Abstractions.csproj", "{54BA5826-D021-4ED7-8E57-03D9AE640436}"
EndProject
Project("{FAE04EC0-301F-11D3-BF4B-00C04F79EFBC}") = "Scorpion.Extensions.MessageBus.Abstractions", "Extentsions\Abstractions\Scorpion.Extensions.MessageBus.Abstractions\Scorpion.Extensions.MessageBus.Abstractions.csproj", "{D5506AFB-9ED6-4B41-9948-44BC4FB2F7BA}"
EndProject
Project("{FAE04EC0-301F-11D3-BF4B-00C04F79EFBC}") = "Scorpion.Extensions.ObjectMappers.Abstractions", "Extentsions\Abstractions\Scorpion.Extensions.ObjectMappers.Abstractions\Scorpion.Extensions.ObjectMappers.Abstractions.csproj", "{FBAFBA03-94B5-491A-B0AF-1F9FF2F726D4}"
EndProject
Project("{FAE04EC0-301F-11D3-BF4B-00C04F79EFBC}") = "Scorpion.Extensions.Serializers.Abstractions", "Extentsions\Abstractions\Scorpion.Extensions.Serializers.Abstractions\Scorpion.Extensions.Serializers.Abstractions.csproj", "{495A25D2-F94B-4DD2-B249-4FA97BBD4AB0}"
EndProject
Project("{FAE04EC0-301F-11D3-BF4B-00C04F79EFBC}") = "Scorpion.Extensions.Translations.Abstractions", "Extentsions\Abstractions\Scorpion.Extensions.Translations.Abstractions\Scorpion.Extensions.Translations.Abstractions.csproj", "{1EEA98FD-14F2-4FBD-9161-8F15C9874B97}"
EndProject
Project("{FAE04EC0-301F-11D3-BF4B-00C04F79EFBC}") = "Scorpion.Extensions.UsersManagement.Abstractions", "Extentsions\Abstractions\Scorpion.Extensions.UsersManagement.Abstractions\Scorpion.Extensions.UsersManagement.Abstractions.csproj", "{CE1867EA-D0E6-4F4F-BC36-FC3BC49B2A12}"
EndProject
Project("{FAE04EC0-301F-11D3-BF4B-00C04F79EFBC}") = "Scorpion.Endpoints.WebAPI", "src\3.Endpoints\Scorpion.Endpoints.WebAPI\Scorpion.Endpoints.WebAPI.csproj", "{A878CF5D-B578-4690-AC0D-5801B9BC9917}"
EndProject
Global
	GlobalSection(SolutionConfigurationPlatforms) = preSolution
		Debug|Any CPU = Debug|Any CPU
		Release|Any CPU = Release|Any CPU
	EndGlobalSection
	GlobalSection(ProjectConfigurationPlatforms) = postSolution
		{D52859FE-8D86-425C-86BB-DE5106EB038D}.Debug|Any CPU.ActiveCfg = Debug|Any CPU
		{D52859FE-8D86-425C-86BB-DE5106EB038D}.Debug|Any CPU.Build.0 = Debug|Any CPU
		{D52859FE-8D86-425C-86BB-DE5106EB038D}.Release|Any CPU.ActiveCfg = Release|Any CPU
		{D52859FE-8D86-425C-86BB-DE5106EB038D}.Release|Any CPU.Build.0 = Release|Any CPU
		{29B873A3-F683-48E1-A184-98CCD7AC93B8}.Debug|Any CPU.ActiveCfg = Debug|Any CPU
		{29B873A3-F683-48E1-A184-98CCD7AC93B8}.Debug|Any CPU.Build.0 = Debug|Any CPU
		{29B873A3-F683-48E1-A184-98CCD7AC93B8}.Release|Any CPU.ActiveCfg = Release|Any CPU
		{29B873A3-F683-48E1-A184-98CCD7AC93B8}.Release|Any CPU.Build.0 = Release|Any CPU
		{A7627689-23A0-438A-A6EE-995B2EFBF2D6}.Debug|Any CPU.ActiveCfg = Debug|Any CPU
		{A7627689-23A0-438A-A6EE-995B2EFBF2D6}.Debug|Any CPU.Build.0 = Debug|Any CPU
		{A7627689-23A0-438A-A6EE-995B2EFBF2D6}.Release|Any CPU.ActiveCfg = Release|Any CPU
		{A7627689-23A0-438A-A6EE-995B2EFBF2D6}.Release|Any CPU.Build.0 = Release|Any CPU
		{EFCD9DB6-2BAA-4997-82D0-E471C5E026DC}.Debug|Any CPU.ActiveCfg = Debug|Any CPU
		{EFCD9DB6-2BAA-4997-82D0-E471C5E026DC}.Debug|Any CPU.Build.0 = Debug|Any CPU
		{EFCD9DB6-2BAA-4997-82D0-E471C5E026DC}.Release|Any CPU.ActiveCfg = Release|Any CPU
		{EFCD9DB6-2BAA-4997-82D0-E471C5E026DC}.Release|Any CPU.Build.0 = Release|Any CPU
		{204E4F2F-D962-40D1-AFCD-D31FF73B0161}.Debug|Any CPU.ActiveCfg = Debug|Any CPU
		{204E4F2F-D962-40D1-AFCD-D31FF73B0161}.Debug|Any CPU.Build.0 = Debug|Any CPU
		{204E4F2F-D962-40D1-AFCD-D31FF73B0161}.Release|Any CPU.ActiveCfg = Release|Any CPU
		{204E4F2F-D962-40D1-AFCD-D31FF73B0161}.Release|Any CPU.Build.0 = Release|Any CPU
		{F3DD31CE-FF3F-438E-AF00-3B3448952BE8}.Debug|Any CPU.ActiveCfg = Debug|Any CPU
		{F3DD31CE-FF3F-438E-AF00-3B3448952BE8}.Debug|Any CPU.Build.0 = Debug|Any CPU
		{F3DD31CE-FF3F-438E-AF00-3B3448952BE8}.Release|Any CPU.ActiveCfg = Release|Any CPU
		{F3DD31CE-FF3F-438E-AF00-3B3448952BE8}.Release|Any CPU.Build.0 = Release|Any CPU
		{ACE814FA-4916-45CC-BD39-F4D0E0ACCAFC}.Debug|Any CPU.ActiveCfg = Debug|Any CPU
		{ACE814FA-4916-45CC-BD39-F4D0E0ACCAFC}.Debug|Any CPU.Build.0 = Debug|Any CPU
		{ACE814FA-4916-45CC-BD39-F4D0E0ACCAFC}.Release|Any CPU.ActiveCfg = Release|Any CPU
		{ACE814FA-4916-45CC-BD39-F4D0E0ACCAFC}.Release|Any CPU.Build.0 = Release|Any CPU
		{7E7EBA94-4F9D-422F-859A-802BF46A81A2}.Debug|Any CPU.ActiveCfg = Debug|Any CPU
		{7E7EBA94-4F9D-422F-859A-802BF46A81A2}.Debug|Any CPU.Build.0 = Debug|Any CPU
		{7E7EBA94-4F9D-422F-859A-802BF46A81A2}.Release|Any CPU.ActiveCfg = Release|Any CPU
		{7E7EBA94-4F9D-422F-859A-802BF46A81A2}.Release|Any CPU.Build.0 = Release|Any CPU
		{0D4B37F2-E82F-4721-A23B-04EB74CDCC77}.Debug|Any CPU.ActiveCfg = Debug|Any CPU
		{0D4B37F2-E82F-4721-A23B-04EB74CDCC77}.Debug|Any CPU.Build.0 = Debug|Any CPU
		{0D4B37F2-E82F-4721-A23B-04EB74CDCC77}.Release|Any CPU.ActiveCfg = Release|Any CPU
		{0D4B37F2-E82F-4721-A23B-04EB74CDCC77}.Release|Any CPU.Build.0 = Release|Any CPU
		{F926FD81-E4DE-4422-9BA8-D748F7EA2428}.Debug|Any CPU.ActiveCfg = Debug|Any CPU
		{F926FD81-E4DE-4422-9BA8-D748F7EA2428}.Debug|Any CPU.Build.0 = Debug|Any CPU
		{F926FD81-E4DE-4422-9BA8-D748F7EA2428}.Release|Any CPU.ActiveCfg = Release|Any CPU
		{F926FD81-E4DE-4422-9BA8-D748F7EA2428}.Release|Any CPU.Build.0 = Release|Any CPU
		{A4113ECD-978F-4B25-839F-B99DFA7745AA}.Debug|Any CPU.ActiveCfg = Debug|Any CPU
		{A4113ECD-978F-4B25-839F-B99DFA7745AA}.Debug|Any CPU.Build.0 = Debug|Any CPU
		{A4113ECD-978F-4B25-839F-B99DFA7745AA}.Release|Any CPU.ActiveCfg = Release|Any CPU
		{A4113ECD-978F-4B25-839F-B99DFA7745AA}.Release|Any CPU.Build.0 = Release|Any CPU
		{29EB7072-C6AE-4EA5-A117-E419352CE690}.Debug|Any CPU.ActiveCfg = Debug|Any CPU
		{29EB7072-C6AE-4EA5-A117-E419352CE690}.Debug|Any CPU.Build.0 = Debug|Any CPU
		{29EB7072-C6AE-4EA5-A117-E419352CE690}.Release|Any CPU.ActiveCfg = Release|Any CPU
		{29EB7072-C6AE-4EA5-A117-E419352CE690}.Release|Any CPU.Build.0 = Release|Any CPU
		{85D7E9C9-F34F-4EAE-9C92-6447D3A60666}.Debug|Any CPU.ActiveCfg = Debug|Any CPU
		{85D7E9C9-F34F-4EAE-9C92-6447D3A60666}.Debug|Any CPU.Build.0 = Debug|Any CPU
		{85D7E9C9-F34F-4EAE-9C92-6447D3A60666}.Release|Any CPU.ActiveCfg = Release|Any CPU
		{85D7E9C9-F34F-4EAE-9C92-6447D3A60666}.Release|Any CPU.Build.0 = Release|Any CPU
		{97AD3202-AE80-454E-98C0-D37E3A7F310D}.Debug|Any CPU.ActiveCfg = Debug|Any CPU
		{97AD3202-AE80-454E-98C0-D37E3A7F310D}.Debug|Any CPU.Build.0 = Debug|Any CPU
		{97AD3202-AE80-454E-98C0-D37E3A7F310D}.Release|Any CPU.ActiveCfg = Release|Any CPU
		{97AD3202-AE80-454E-98C0-D37E3A7F310D}.Release|Any CPU.Build.0 = Release|Any CPU
		{6CC77193-384F-4A40-BDD1-CBFCACF58F25}.Debug|Any CPU.ActiveCfg = Debug|Any CPU
		{6CC77193-384F-4A40-BDD1-CBFCACF58F25}.Debug|Any CPU.Build.0 = Debug|Any CPU
		{6CC77193-384F-4A40-BDD1-CBFCACF58F25}.Release|Any CPU.ActiveCfg = Release|Any CPU
		{6CC77193-384F-4A40-BDD1-CBFCACF58F25}.Release|Any CPU.Build.0 = Release|Any CPU
		{9508881E-894D-4C62-880A-B98258E5DC10}.Debug|Any CPU.ActiveCfg = Debug|Any CPU
		{9508881E-894D-4C62-880A-B98258E5DC10}.Debug|Any CPU.Build.0 = Debug|Any CPU
		{9508881E-894D-4C62-880A-B98258E5DC10}.Release|Any CPU.ActiveCfg = Release|Any CPU
		{9508881E-894D-4C62-880A-B98258E5DC10}.Release|Any CPU.Build.0 = Release|Any CPU
		{54BA5826-D021-4ED7-8E57-03D9AE640436}.Debug|Any CPU.ActiveCfg = Debug|Any CPU
		{54BA5826-D021-4ED7-8E57-03D9AE640436}.Debug|Any CPU.Build.0 = Debug|Any CPU
		{54BA5826-D021-4ED7-8E57-03D9AE640436}.Release|Any CPU.ActiveCfg = Release|Any CPU
		{54BA5826-D021-4ED7-8E57-03D9AE640436}.Release|Any CPU.Build.0 = Release|Any CPU
		{D5506AFB-9ED6-4B41-9948-44BC4FB2F7BA}.Debug|Any CPU.ActiveCfg = Debug|Any CPU
		{D5506AFB-9ED6-4B41-9948-44BC4FB2F7BA}.Debug|Any CPU.Build.0 = Debug|Any CPU
		{D5506AFB-9ED6-4B41-9948-44BC4FB2F7BA}.Release|Any CPU.ActiveCfg = Release|Any CPU
		{D5506AFB-9ED6-4B41-9948-44BC4FB2F7BA}.Release|Any CPU.Build.0 = Release|Any CPU
		{FBAFBA03-94B5-491A-B0AF-1F9FF2F726D4}.Debug|Any CPU.ActiveCfg = Debug|Any CPU
		{FBAFBA03-94B5-491A-B0AF-1F9FF2F726D4}.Debug|Any CPU.Build.0 = Debug|Any CPU
		{FBAFBA03-94B5-491A-B0AF-1F9FF2F726D4}.Release|Any CPU.ActiveCfg = Release|Any CPU
		{FBAFBA03-94B5-491A-B0AF-1F9FF2F726D4}.Release|Any CPU.Build.0 = Release|Any CPU
		{495A25D2-F94B-4DD2-B249-4FA97BBD4AB0}.Debug|Any CPU.ActiveCfg = Debug|Any CPU
		{495A25D2-F94B-4DD2-B249-4FA97BBD4AB0}.Debug|Any CPU.Build.0 = Debug|Any CPU
		{495A25D2-F94B-4DD2-B249-4FA97BBD4AB0}.Release|Any CPU.ActiveCfg = Release|Any CPU
		{495A25D2-F94B-4DD2-B249-4FA97BBD4AB0}.Release|Any CPU.Build.0 = Release|Any CPU
		{1EEA98FD-14F2-4FBD-9161-8F15C9874B97}.Debug|Any CPU.ActiveCfg = Debug|Any CPU
		{1EEA98FD-14F2-4FBD-9161-8F15C9874B97}.Debug|Any CPU.Build.0 = Debug|Any CPU
		{1EEA98FD-14F2-4FBD-9161-8F15C9874B97}.Release|Any CPU.ActiveCfg = Release|Any CPU
		{1EEA98FD-14F2-4FBD-9161-8F15C9874B97}.Release|Any CPU.Build.0 = Release|Any CPU
		{CE1867EA-D0E6-4F4F-BC36-FC3BC49B2A12}.Debug|Any CPU.ActiveCfg = Debug|Any CPU
		{CE1867EA-D0E6-4F4F-BC36-FC3BC49B2A12}.Debug|Any CPU.Build.0 = Debug|Any CPU
		{CE1867EA-D0E6-4F4F-BC36-FC3BC49B2A12}.Release|Any CPU.ActiveCfg = Release|Any CPU
		{CE1867EA-D0E6-4F4F-BC36-FC3BC49B2A12}.Release|Any CPU.Build.0 = Release|Any CPU
		{A878CF5D-B578-4690-AC0D-5801B9BC9917}.Debug|Any CPU.ActiveCfg = Debug|Any CPU
		{A878CF5D-B578-4690-AC0D-5801B9BC9917}.Debug|Any CPU.Build.0 = Debug|Any CPU
		{A878CF5D-B578-4690-AC0D-5801B9BC9917}.Release|Any CPU.ActiveCfg = Release|Any CPU
		{A878CF5D-B578-4690-AC0D-5801B9BC9917}.Release|Any CPU.Build.0 = Release|Any CPU
	EndGlobalSection
	GlobalSection(SolutionProperties) = preSolution
		HideSolutionNode = FALSE
	EndGlobalSection
	GlobalSection(NestedProjects) = preSolution
		{32A25896-3563-4389-B32A-E034B77DE8F9} = {37446A3C-FB67-4614-9F42-EE29F733314E}
		{FCF8F321-E1F5-4820-88A3-EB4367D092D6} = {37446A3C-FB67-4614-9F42-EE29F733314E}
		{DBE8F8A5-5849-4990-A29F-45E214DC4EF2} = {37446A3C-FB67-4614-9F42-EE29F733314E}
		{B574D69B-1BA0-4A73-AE17-E3AE15E0694A} = {37446A3C-FB67-4614-9F42-EE29F733314E}
		{D52859FE-8D86-425C-86BB-DE5106EB038D} = {FCF8F321-E1F5-4820-88A3-EB4367D092D6}
		{29B873A3-F683-48E1-A184-98CCD7AC93B8} = {FCF8F321-E1F5-4820-88A3-EB4367D092D6}
		{A7627689-23A0-438A-A6EE-995B2EFBF2D6} = {FCF8F321-E1F5-4820-88A3-EB4367D092D6}
		{EFCD9DB6-2BAA-4997-82D0-E471C5E026DC} = {32A25896-3563-4389-B32A-E034B77DE8F9}
		{15063773-9B42-4738-B30F-21B3EA3665C8} = {DBE8F8A5-5849-4990-A29F-45E214DC4EF2}
		{204E4F2F-D962-40D1-AFCD-D31FF73B0161} = {15063773-9B42-4738-B30F-21B3EA3665C8}
		{F3DD31CE-FF3F-438E-AF00-3B3448952BE8} = {15063773-9B42-4738-B30F-21B3EA3665C8}
		{ACE814FA-4916-45CC-BD39-F4D0E0ACCAFC} = {15063773-9B42-4738-B30F-21B3EA3665C8}
		{29C0B61A-29D0-436E-B574-43EAF211C7BC} = {A8E41837-CAD6-4E5D-B3D8-B60D146037B8}
		{F52DBCA5-2731-4D0A-904C-7420B686D4C7} = {A8E41837-CAD6-4E5D-B3D8-B60D146037B8}
		{FB1A3224-8EEB-455C-92F7-7D841B4E2CBF} = {A8E41837-CAD6-4E5D-B3D8-B60D146037B8}
		{7E7EBA94-4F9D-422F-859A-802BF46A81A2} = {29C0B61A-29D0-436E-B574-43EAF211C7BC}
		{0D4B37F2-E82F-4721-A23B-04EB74CDCC77} = {29C0B61A-29D0-436E-B574-43EAF211C7BC}
		{F926FD81-E4DE-4422-9BA8-D748F7EA2428} = {29C0B61A-29D0-436E-B574-43EAF211C7BC}
		{A4113ECD-978F-4B25-839F-B99DFA7745AA} = {FCF8F321-E1F5-4820-88A3-EB4367D092D6}
		{948BC2B8-C055-4C21-9E40-21231C3EBE6A} = {F52DBCA5-2731-4D0A-904C-7420B686D4C7}
		{29EB7072-C6AE-4EA5-A117-E419352CE690} = {948BC2B8-C055-4C21-9E40-21231C3EBE6A}
		{85D7E9C9-F34F-4EAE-9C92-6447D3A60666} = {948BC2B8-C055-4C21-9E40-21231C3EBE6A}
		{97AD3202-AE80-454E-98C0-D37E3A7F310D} = {FB1A3224-8EEB-455C-92F7-7D841B4E2CBF}
		{6CC77193-384F-4A40-BDD1-CBFCACF58F25} = {0F1B7F1F-818D-49CE-B15D-63EA52661AEB}
		{9508881E-894D-4C62-880A-B98258E5DC10} = {0F1B7F1F-818D-49CE-B15D-63EA52661AEB}
		{54BA5826-D021-4ED7-8E57-03D9AE640436} = {0F1B7F1F-818D-49CE-B15D-63EA52661AEB}
		{D5506AFB-9ED6-4B41-9948-44BC4FB2F7BA} = {0F1B7F1F-818D-49CE-B15D-63EA52661AEB}
		{FBAFBA03-94B5-491A-B0AF-1F9FF2F726D4} = {0F1B7F1F-818D-49CE-B15D-63EA52661AEB}
		{495A25D2-F94B-4DD2-B249-4FA97BBD4AB0} = {0F1B7F1F-818D-49CE-B15D-63EA52661AEB}
		{1EEA98FD-14F2-4FBD-9161-8F15C9874B97} = {0F1B7F1F-818D-49CE-B15D-63EA52661AEB}
		{CE1867EA-D0E6-4F4F-BC36-FC3BC49B2A12} = {0F1B7F1F-818D-49CE-B15D-63EA52661AEB}
		{A878CF5D-B578-4690-AC0D-5801B9BC9917} = {B574D69B-1BA0-4A73-AE17-E3AE15E0694A}
	EndGlobalSection
	GlobalSection(ExtensibilityGlobals) = postSolution
		SolutionGuid = {D3091158-9E0C-4832-86AD-7D8E48D0D589}
	EndGlobalSection
EndGlobal
